{
  "name": "Programacion Movil",
  "lockfileVersion": 3,
  "requires": true,
  "packages": {
    "": {
      "dependencies": {
        "@capacitor/camera": "^7.0.0",
        "@capacitor/filesystem": "^7.0.0",
        "@capacitor/preferences": "^7.0.0"
      }
    },
    "node_modules/@capacitor/camera": {
      "version": "7.0.0",
      "resolved": "https://registry.npmjs.org/@capacitor/camera/-/camera-7.0.0.tgz",
      "integrity": "sha512-waEXGt1/qN8Uz8TWBl2exngLrkyll+fNFLj00ayJrPgZxQN8kfWHGz6YlJfQJLlBRXeay7W844Ao4iX0zziEMw==",
      "license": "MIT",
      "peerDependencies": {
        "@capacitor/core": ">=7.0.0"
      }
    },
    "node_modules/@capacitor/core": {
      "version": "7.0.1",
      "resolved": "https://registry.npmjs.org/@capacitor/core/-/core-7.0.1.tgz",
      "integrity": "sha512-1Ob9bvA/p8g8aNwK6VesxEekGXowLVf6APjkW4LRnr05H+7z/bke+Q5pn9zqh/GgTbIxAQ/rwZrAZvvxkdm1UA==",
      "license": "MIT",
      "peer": true,
      "dependencies": {
        "tslib": "^2.1.0"
      }
    },
    "node_modules/@capacitor/filesystem": {
      "version": "7.0.0",
      "resolved": "https://registry.npmjs.org/@capacitor/filesystem/-/filesystem-7.0.0.tgz",
      "integrity": "sha512-xMzLq+ZaqYBAincYOKF1eNy/3UWwx1XM6TuvWBTVQTHeRsURzqwwbqBKtfkhbRzk5wnXEprWZz5k5iFo2s2BXw==",
      "license": "MIT",
      "peerDependencies": {
        "@capacitor/core": ">=7.0.0"
      }
    },
    "node_modules/@capacitor/preferences": {
      "version": "7.0.0",
      "resolved": "https://registry.npmjs.org/@capacitor/preferences/-/preferences-7.0.0.tgz",
      "integrity": "sha512-crlTtTIWcdlLfQULJ9ZiCPpvpm51WoZ8CIVG3+XSJGyavjD4bscHP15U24ya5SjpYmI44bGY9lvhvcSCfB5+AA==",
      "license": "MIT",
      "peerDependencies": {
        "@capacitor/core": ">=7.0.0"
      }
    },
    "node_modules/tslib": {
      "version": "2.8.1",
      "resolved": "https://registry.npmjs.org/tslib/-/tslib-2.8.1.tgz",
      "integrity": "sha512-oJFu94HQb+KVduSUQL7wnpmqnfmLsOA/nAh6b6EH0wCEoK0/mPeXU6c3wKDV83MkOuHPRHtSXKKU99IBazS/2w==",
      "license": "0BSD",
      "peer": true
    }
  }
}
